{
  "name": "resolve-url-loader",
  "version": "5.0.0",
  "lockfileVersion": 1,
  "requires": true,
  "dependencies": {
    "adjust-sourcemap-loader": {
      "version": "5.0.0",
      "resolved": "https://artifactory.ida.avast.com/artifactory/api/npm/registry.npmjs.org-virtual/adjust-sourcemap-loader/-/adjust-sourcemap-loader-5.0.0.tgz",
      "integrity": "sha512-wtrCI9uKl7FWAj4F5pLHjMpHMg3k28UONiS0oMML97DBt06xvJ8Z3NDAY6HNmsUj8yxB4GMGLUbIoaJ2YhLwTQ==",
      "requires": {
        "loader-utils": "^3.2.0",
        "regex-parser": "^2.2.11"
      }
    },
    "convert-source-map": {
      "version": "1.9.0",
      "resolved": "https://artifactory.ida.avast.com/artifactory/api/npm/registry.npmjs.org-virtual/convert-source-map/-/convert-source-map-1.9.0.tgz",
      "integrity": "sha512-ASFBup0Mz1uyiIjANan1jzLQami9z1PoYSZCiiYW2FczPbenXc45FZdBZLzOT+r6+iciuEModtmCti+hjaAk0A=="
    },
    "loader-utils": {
      "version": "3.3.1",
      "resolved": "https://artifactory.ida.avast.com/artifactory/api/npm/registry.npmjs.org-virtual/loader-utils/-/loader-utils-3.3.1.tgz",
      "integrity": "sha512-FMJTLMXfCLMLfJxcX9PFqX5qD88Z5MRGaZCVzfuqeZSPsyiBzs+pahDQjbIWz2QIzPZz0NX9Zy4FX3lmK6YHIg=="
    },
    "nanoid": {
      "version": "3.3.11",
      "resolved": "https://artifactory.ida.avast.com/artifactory/api/npm/registry.npmjs.org-virtual/nanoid/-/nanoid-3.3.11.tgz",
      "integrity": "sha512-N8SpfPUnUp1bK+PMYW8qSWdl9U+wwNWI4QKxOYDy9JAro3WMX7p2OeVRF9v+347pnakNevPmiHhNmZ2HbFA76w=="
    },
    "picocolors": {
      "version": "1.1.1",
      "resolved": "https://artifactory.ida.avast.com/artifactory/api/npm/registry.npmjs.org-virtual/picocolors/-/picocolors-1.1.1.tgz",
      "integrity": "sha512-xceH2snhtb5M9liqDsmEw56le376mTZkEX/jEb/RxNFyegNul7eNslCXP9FDj/Lcu0X8KEyMceP2ntpaHrDEVA=="
    },
    "postcss": {
      "version": "8.5.4",
      "resolved": "https://artifactory.ida.avast.com/artifactory/api/npm/registry.npmjs.org-virtual/postcss/-/postcss-8.5.4.tgz",
      "integrity": "sha512-QSa9EBe+uwlGTFmHsPKokv3B/oEMQZxfqW0QqNCyhpa6mB1afzulwn8hihglqAb2pOw+BJgNlmXQ8la2VeHB7w==",
      "requires": {
        "nanoid": "^3.3.11",
        "picocolors": "^1.1.1",
        "source-map-js": "^1.2.1"
      }
    },
    "regex-parser": {
      "version": "2.3.1",
      "resolved": "https://artifactory.ida.avast.com/artifactory/api/npm/registry.npmjs.org-virtual/regex-parser/-/regex-parser-2.3.1.tgz",
      "integrity": "sha512-yXLRqatcCuKtVHsWrNg0JL3l1zGfdXeEvDa0bdu4tCDQw0RpMDZsqbkyRTUnKMR0tXF627V2oEWjBEaEdqTwtQ=="
    },
    "source-map": {
      "version": "0.6.1",
      "resolved": "https://artifactory.ida.avast.com/artifactory/api/npm/registry.npmjs.org-virtual/source-map/-/source-map-0.6.1.tgz",
      "integrity": "sha512-UjgapumWlbMhkBgzT7Ykc5YXUT46F0iKu8SGXq0bcwP5dz/h0Plj6enJqjz1Zbq2l5WaqYnrVbwWOWMyF3F47g=="
    },
    "source-map-js": {
      "version": "1.2.1",
      "resolved": "https://artifactory.ida.avast.com/artifactory/api/npm/registry.npmjs.org-virtual/source-map-js/-/source-map-js-1.2.1.tgz",
      "integrity": "sha512-UXWMKhLOwVKb728IUtQPXxfYU+usdybtUrK/8uGE8CQMvrhOpwvzDBwj0QhSL7MQc7vIsISBG8VQ8+IDQxpfQA=="
    }
  }
}
